
Microsoft Visual Studio Solution File, Format Version 12.00
# Visual Studio 14
VisualStudioVersion = 14.0.23107.0
MinimumVisualStudioVersion = 10.0.40219.1
Project("{FAE04EC0-301F-11D3-BF4B-00C04F79EFBC}") = "WeatherDashboard", "WeatherDashboard\WeatherDashboard.csproj", "{6F10AE18-5576-4543-AB90-D6941EAC345E}"
EndProject
Project("{FAE04EC0-301F-11D3-BF4B-00C04F79EFBC}") = "WeatherDashboard.Tests", "WeatherDashboard.Tests\WeatherDashboard.Tests.csproj", "{BA144400-6A3C-451F-95F2-0C4151A27472}"
EndProject
Global
	GlobalSection(SolutionConfigurationPlatforms) = preSolution
		Debug|Any CPU = Debug|Any CPU
		Release|Any CPU = Release|Any CPU
	EndGlobalSection
	GlobalSection(ProjectConfigurationPlatforms) = postSolution
		{6F10AE18-5576-4543-AB90-D6941EAC345E}.Debug|Any CPU.ActiveCfg = Debug|Any CPU
		{6F10AE18-5576-4543-AB90-D6941EAC345E}.Debug|Any CPU.Build.0 = Debug|Any CPU
		{6F10AE18-5576-4543-AB90-D6941EAC345E}.Release|Any CPU.ActiveCfg = Release|Any CPU
		{6F10AE18-5576-4543-AB90-D6941EAC345E}.Release|Any CPU.Build.0 = Release|Any CPU
		{BA144400-6A3C-451F-95F2-0C4151A27472}.Debug|Any CPU.ActiveCfg = Debug|Any CPU
		{BA144400-6A3C-451F-95F2-0C4151A27472}.Debug|Any CPU.Build.0 = Debug|Any CPU
		{BA144400-6A3C-451F-95F2-0C4151A27472}.Release|Any CPU.ActiveCfg = Release|Any CPU
		{BA144400-6A3C-451F-95F2-0C4151A27472}.Release|Any CPU.Build.0 = Release|Any CPU
	EndGlobalSection
	GlobalSection(SolutionProperties) = preSolution
		HideSolutionNode = FALSE
	EndGlobalSection
EndGlobal
